
Microsoft Visual Studio Solution File, Format Version 12.00
# Visual Studio Version 16
VisualStudioVersion = 16.0.32002.261
MinimumVisualStudioVersion = 10.0.40219.1
Project("{9A19103F-16F7-4668-BE54-9A1E7A4F7556}") = "Console", "StructurePatterns\Console.csproj", "{F1757078-34F9-4593-83B1-1642E90BFEE9}"
EndProject
Project("{9A19103F-16F7-4668-BE54-9A1E7A4F7556}") = "Strategy", "Strategy\Strategy.csproj", "{94141275-9FAB-4E87-8099-7935F2A50395}"
EndProject
Project("{9A19103F-16F7-4668-BE54-9A1E7A4F7556}") = "Decorator", "Decorator\Decorator.csproj", "{5D5F5D04-9BB0-4067-91F6-E673B789C4FC}"
EndProject
Project("{9A19103F-16F7-4668-BE54-9A1E7A4F7556}") = "lab", "lab\lab.csproj", "{E46345F0-CA9B-4E25-B11C-238695169CEB}"
EndProject
Project("{9A19103F-16F7-4668-BE54-9A1E7A4F7556}") = "FactoryMethod", "FactoryMethod\FactoryMethod.csproj", "{671FD0D4-112E-4411-89AC-D5B169C5F8A3}"
EndProject
Project("{FAE04EC0-301F-11D3-BF4B-00C04F79EFBC}") = "Builder", "Builder\Builder.csproj", "{4C892E7E-200E-431B-BD64-E4E433F7AC39}"
EndProject
Project("{FAE04EC0-301F-11D3-BF4B-00C04F79EFBC}") = "Observer", "Observer\Observer.csproj", "{6A29D440-522A-4852-88B7-FAEC420B4C67}"
EndProject
Global
	GlobalSection(SolutionConfigurationPlatforms) = preSolution
		Debug|Any CPU = Debug|Any CPU
		Release|Any CPU = Release|Any CPU
	EndGlobalSection
	GlobalSection(ProjectConfigurationPlatforms) = postSolution
		{F1757078-34F9-4593-83B1-1642E90BFEE9}.Debug|Any CPU.ActiveCfg = Debug|Any CPU
		{F1757078-34F9-4593-83B1-1642E90BFEE9}.Debug|Any CPU.Build.0 = Debug|Any CPU
		{F1757078-34F9-4593-83B1-1642E90BFEE9}.Release|Any CPU.ActiveCfg = Release|Any CPU
		{F1757078-34F9-4593-83B1-1642E90BFEE9}.Release|Any CPU.Build.0 = Release|Any CPU
		{94141275-9FAB-4E87-8099-7935F2A50395}.Debug|Any CPU.ActiveCfg = Debug|Any CPU
		{94141275-9FAB-4E87-8099-7935F2A50395}.Debug|Any CPU.Build.0 = Debug|Any CPU
		{94141275-9FAB-4E87-8099-7935F2A50395}.Release|Any CPU.ActiveCfg = Release|Any CPU
		{94141275-9FAB-4E87-8099-7935F2A50395}.Release|Any CPU.Build.0 = Release|Any CPU
		{5D5F5D04-9BB0-4067-91F6-E673B789C4FC}.Debug|Any CPU.ActiveCfg = Debug|Any CPU
		{5D5F5D04-9BB0-4067-91F6-E673B789C4FC}.Debug|Any CPU.Build.0 = Debug|Any CPU
		{5D5F5D04-9BB0-4067-91F6-E673B789C4FC}.Release|Any CPU.ActiveCfg = Release|Any CPU
		{5D5F5D04-9BB0-4067-91F6-E673B789C4FC}.Release|Any CPU.Build.0 = Release|Any CPU
		{E46345F0-CA9B-4E25-B11C-238695169CEB}.Debug|Any CPU.ActiveCfg = Debug|Any CPU
		{E46345F0-CA9B-4E25-B11C-238695169CEB}.Debug|Any CPU.Build.0 = Debug|Any CPU
		{E46345F0-CA9B-4E25-B11C-238695169CEB}.Release|Any CPU.ActiveCfg = Release|Any CPU
		{E46345F0-CA9B-4E25-B11C-238695169CEB}.Release|Any CPU.Build.0 = Release|Any CPU
		{671FD0D4-112E-4411-89AC-D5B169C5F8A3}.Debug|Any CPU.ActiveCfg = Debug|Any CPU
		{671FD0D4-112E-4411-89AC-D5B169C5F8A3}.Debug|Any CPU.Build.0 = Debug|Any CPU
		{671FD0D4-112E-4411-89AC-D5B169C5F8A3}.Release|Any CPU.ActiveCfg = Release|Any CPU
		{671FD0D4-112E-4411-89AC-D5B169C5F8A3}.Release|Any CPU.Build.0 = Release|Any CPU
		{4C892E7E-200E-431B-BD64-E4E433F7AC39}.Debug|Any CPU.ActiveCfg = Debug|Any CPU
		{4C892E7E-200E-431B-BD64-E4E433F7AC39}.Debug|Any CPU.Build.0 = Debug|Any CPU
		{4C892E7E-200E-431B-BD64-E4E433F7AC39}.Release|Any CPU.ActiveCfg = Release|Any CPU
		{4C892E7E-200E-431B-BD64-E4E433F7AC39}.Release|Any CPU.Build.0 = Release|Any CPU
		{6A29D440-522A-4852-88B7-FAEC420B4C67}.Debug|Any CPU.ActiveCfg = Debug|Any CPU
		{6A29D440-522A-4852-88B7-FAEC420B4C67}.Debug|Any CPU.Build.0 = Debug|Any CPU
		{6A29D440-522A-4852-88B7-FAEC420B4C67}.Release|Any CPU.ActiveCfg = Release|Any CPU
		{6A29D440-522A-4852-88B7-FAEC420B4C67}.Release|Any CPU.Build.0 = Release|Any CPU
	EndGlobalSection
	GlobalSection(SolutionProperties) = preSolution
		HideSolutionNode = FALSE
	EndGlobalSection
	GlobalSection(ExtensibilityGlobals) = postSolution
		SolutionGuid = {19983A26-EF63-4880-8229-C032245EE157}
	EndGlobalSection
EndGlobal
